
Microsoft Visual Studio Solution File, Format Version 12.00
# Visual Studio Version 16
VisualStudioVersion = 16.6.30114.105
MinimumVisualStudioVersion = 10.0.40219.1
Project("{FAE04EC0-301F-11D3-BF4B-00C04F79EFBC}") = "DemoWeb", "DemoWeb\DemoWeb.csproj", "{1748254C-3A53-4AB1-A866-5E5DA900EADE}"
EndProject
Project("{FAE04EC0-301F-11D3-BF4B-00C04F79EFBC}") = "DemoWeb.Tests", "DemoWeb.Tests\DemoWeb.Tests.csproj", "{2333B3DE-33C9-49FA-BDC1-2E391CED94FD}"
EndProject
Global
	GlobalSection(SolutionConfigurationPlatforms) = preSolution
		Debug|Any CPU = Debug|Any CPU
		Debug|x64 = Debug|x64
		Debug|x86 = Debug|x86
		Release|Any CPU = Release|Any CPU
		Release|x64 = Release|x64
		Release|x86 = Release|x86
	EndGlobalSection
	GlobalSection(ProjectConfigurationPlatforms) = postSolution
		{1748254C-3A53-4AB1-A866-5E5DA900EADE}.Debug|Any CPU.ActiveCfg = Debug|Any CPU
		{1748254C-3A53-4AB1-A866-5E5DA900EADE}.Debug|Any CPU.Build.0 = Debug|Any CPU
		{1748254C-3A53-4AB1-A866-5E5DA900EADE}.Debug|x64.ActiveCfg = Debug|Any CPU
		{1748254C-3A53-4AB1-A866-5E5DA900EADE}.Debug|x64.Build.0 = Debug|Any CPU
		{1748254C-3A53-4AB1-A866-5E5DA900EADE}.Debug|x86.ActiveCfg = Debug|Any CPU
		{1748254C-3A53-4AB1-A866-5E5DA900EADE}.Debug|x86.Build.0 = Debug|Any CPU
		{1748254C-3A53-4AB1-A866-5E5DA900EADE}.Release|Any CPU.ActiveCfg = Release|Any CPU
		{1748254C-3A53-4AB1-A866-5E5DA900EADE}.Release|Any CPU.Build.0 = Release|Any CPU
		{1748254C-3A53-4AB1-A866-5E5DA900EADE}.Release|x64.ActiveCfg = Release|Any CPU
		{1748254C-3A53-4AB1-A866-5E5DA900EADE}.Release|x64.Build.0 = Release|Any CPU
		{1748254C-3A53-4AB1-A866-5E5DA900EADE}.Release|x86.ActiveCfg = Release|Any CPU
		{1748254C-3A53-4AB1-A866-5E5DA900EADE}.Release|x86.Build.0 = Release|Any CPU
		{2333B3DE-33C9-49FA-BDC1-2E391CED94FD}.Debug|Any CPU.ActiveCfg = Debug|Any CPU
		{2333B3DE-33C9-49FA-BDC1-2E391CED94FD}.Debug|Any CPU.Build.0 = Debug|Any CPU
		{2333B3DE-33C9-49FA-BDC1-2E391CED94FD}.Debug|x64.ActiveCfg = Debug|Any CPU
		{2333B3DE-33C9-49FA-BDC1-2E391CED94FD}.Debug|x64.Build.0 = Debug|Any CPU
		{2333B3DE-33C9-49FA-BDC1-2E391CED94FD}.Debug|x86.ActiveCfg = Debug|Any CPU
		{2333B3DE-33C9-49FA-BDC1-2E391CED94FD}.Debug|x86.Build.0 = Debug|Any CPU
		{2333B3DE-33C9-49FA-BDC1-2E391CED94FD}.Release|Any CPU.ActiveCfg = Release|Any CPU
		{2333B3DE-33C9-49FA-BDC1-2E391CED94FD}.Release|Any CPU.Build.0 = Release|Any CPU
		{2333B3DE-33C9-49FA-BDC1-2E391CED94FD}.Release|x64.ActiveCfg = Release|Any CPU
		{2333B3DE-33C9-49FA-BDC1-2E391CED94FD}.Release|x64.Build.0 = Release|Any CPU
		{2333B3DE-33C9-49FA-BDC1-2E391CED94FD}.Release|x86.ActiveCfg = Release|Any CPU
		{2333B3DE-33C9-49FA-BDC1-2E391CED94FD}.Release|x86.Build.0 = Release|Any CPU
	EndGlobalSection
	GlobalSection(SolutionProperties) = preSolution
		HideSolutionNode = FALSE
	EndGlobalSection
	GlobalSection(ExtensibilityGlobals) = postSolution
		SolutionGuid = {83940074-8BD7-46CD-A583-55307FFF851D}
	EndGlobalSection
EndGlobal
